
Microsoft Visual Studio Solution File, Format Version 10.00
# Visual Studio 2008
Project("{FAE04EC0-301F-11D3-BF4B-00C04F79EFBC}") = "EUO", "EUO.csproj", "{40F62933-0761-4F03-91C5-694486566C50}"
EndProject
Project("{FAE04EC0-301F-11D3-BF4B-00C04F79EFBC}") = "UOPackets", "..\UOPackets\UOPackets.csproj", "{E6DAD5DC-1FF5-4A62-B77D-D29A70D33897}"
EndProject
Project("{FAE04EC0-301F-11D3-BF4B-00C04F79EFBC}") = "UOCore", "..\UOCore\UOCore.csproj", "{B3DB48E3-59FB-4D88-B5CD-5F27FA1B4CD0}"
EndProject
Global
	GlobalSection(SolutionConfigurationPlatforms) = preSolution
		Debug|Any CPU = Debug|Any CPU
		Release|Any CPU = Release|Any CPU
	EndGlobalSection
	GlobalSection(ProjectConfigurationPlatforms) = postSolution
		{40F62933-0761-4F03-91C5-694486566C50}.Debug|Any CPU.ActiveCfg = Debug|Any CPU
		{40F62933-0761-4F03-91C5-694486566C50}.Debug|Any CPU.Build.0 = Debug|Any CPU
		{40F62933-0761-4F03-91C5-694486566C50}.Release|Any CPU.ActiveCfg = Release|Any CPU
		{40F62933-0761-4F03-91C5-694486566C50}.Release|Any CPU.Build.0 = Release|Any CPU
		{E6DAD5DC-1FF5-4A62-B77D-D29A70D33897}.Debug|Any CPU.ActiveCfg = Debug|Any CPU
		{E6DAD5DC-1FF5-4A62-B77D-D29A70D33897}.Debug|Any CPU.Build.0 = Debug|Any CPU
		{E6DAD5DC-1FF5-4A62-B77D-D29A70D33897}.Release|Any CPU.ActiveCfg = Release|Any CPU
		{E6DAD5DC-1FF5-4A62-B77D-D29A70D33897}.Release|Any CPU.Build.0 = Release|Any CPU
		{B3DB48E3-59FB-4D88-B5CD-5F27FA1B4CD0}.Debug|Any CPU.ActiveCfg = Debug|Any CPU
		{B3DB48E3-59FB-4D88-B5CD-5F27FA1B4CD0}.Debug|Any CPU.Build.0 = Debug|Any CPU
		{B3DB48E3-59FB-4D88-B5CD-5F27FA1B4CD0}.Release|Any CPU.ActiveCfg = Release|Any CPU
		{B3DB48E3-59FB-4D88-B5CD-5F27FA1B4CD0}.Release|Any CPU.Build.0 = Release|Any CPU
	EndGlobalSection
	GlobalSection(SolutionProperties) = preSolution
		HideSolutionNode = FALSE
	EndGlobalSection
EndGlobal
